
Microsoft Visual Studio Solution File, Format Version 12.00
# Visual Studio Version 16
VisualStudioVersion = 16.0.29209.62
MinimumVisualStudioVersion = 10.0.40219.1
Project("{FAE04EC0-301F-11D3-BF4B-00C04F79EFBC}") = "Snake", "Snake.csproj", "{66085C76-9414-4545-BF96-47ABC5595696}"
EndProject
Global
	GlobalSection(SolutionConfigurationPlatforms) = preSolution
		Debug|Any CPU = Debug|Any CPU
		Release|Any CPU = Release|Any CPU
	EndGlobalSection
	GlobalSection(ProjectConfigurationPlatforms) = postSolution
		{66085C76-9414-4545-BF96-47ABC5595696}.Debug|Any CPU.ActiveCfg = Debug|Any CPU
		{66085C76-9414-4545-BF96-47ABC5595696}.Debug|Any CPU.Build.0 = Debug|Any CPU
		{66085C76-9414-4545-BF96-47ABC5595696}.Release|Any CPU.ActiveCfg = Release|Any CPU
		{66085C76-9414-4545-BF96-47ABC5595696}.Release|Any CPU.Build.0 = Release|Any CPU
	EndGlobalSection
	GlobalSection(SolutionProperties) = preSolution
		HideSolutionNode = FALSE
	EndGlobalSection
	GlobalSection(ExtensibilityGlobals) = postSolution
		SolutionGuid = {83D0176F-9E60-4EA3-8F07-7A806371CF39}
	EndGlobalSection
EndGlobal
